
Microsoft Visual Studio Solution File, Format Version 12.00
# Visual Studio Version 16
VisualStudioVersion = 16.0.31515.178
MinimumVisualStudioVersion = 10.0.40219.1
Project("{9A19103F-16F7-4668-BE54-9A1E7A4F7556}") = "02-Operators", "02-Operators\02-Operators.csproj", "{0F6949A3-254C-46A7-BE5B-2071D17EE6B7}"
EndProject
Project("{9A19103F-16F7-4668-BE54-9A1E7A4F7556}") = "03- Conditionals", "03- Conditionals\03- Conditionals.csproj", "{5FDA2ED1-E5B7-46AF-8320-6389050E3725}"
EndProject
Project("{9A19103F-16F7-4668-BE54-9A1E7A4F7556}") = "01-TypesAndVariables", "01-TypesAndVariables\01-TypesAndVariables.csproj", "{40976ACA-C830-4179-A151-5C20FC4702AA}"
EndProject
Project("{9A19103F-16F7-4668-BE54-9A1E7A4F7556}") = "04-Methods", "04-Methods\04-Methods.csproj", "{62825282-C049-4C06-A053-56C7510E4857}"
EndProject
Project("{9A19103F-16F7-4668-BE54-9A1E7A4F7556}") = "05-Arrays", "05-Arrays\05-Arrays.csproj", "{B2B49D95-FA16-4FCC-AC2D-0B75FF43CED5}"
EndProject
Project("{9A19103F-16F7-4668-BE54-9A1E7A4F7556}") = "06-Loops", "06-Loops\06-Loops.csproj", "{72D7AC3D-9616-4CAA-BECD-0993FDF849D1}"
EndProject
Project("{9A19103F-16F7-4668-BE54-9A1E7A4F7556}") = "07-Strings", "07-Strings\07-Strings.csproj", "{E7C87F01-C471-4102-B252-89376EFFB587}"
EndProject
Project("{9A19103F-16F7-4668-BE54-9A1E7A4F7556}") = "08-Exercises", "08-Exercises\08-Exercises.csproj", "{D98FD1C9-EFA7-457D-81DA-D76075AC1DCC}"
EndProject
Project("{9A19103F-16F7-4668-BE54-9A1E7A4F7556}") = "09- Classes", "09- Classes\09- Classes.csproj", "{EE68D1E9-7C27-4AC9-AA28-7593EC8A97ED}"
EndProject
Project("{FAE04EC0-301F-11D3-BF4B-00C04F79EFBC}") = "RecapDemo1", "RecapDemo1\RecapDemo1.csproj", "{6481DD20-7778-48DB-8FA8-3C8C9CC3C1B7}"
EndProject
Project("{9A19103F-16F7-4668-BE54-9A1E7A4F7556}") = "10-Interfacas", "10-Interfacas\10-Interfacas.csproj", "{DFB715ED-C72A-4DA4-B4ED-C4BACAE8E414}"
EndProject
Project("{9A19103F-16F7-4668-BE54-9A1E7A4F7556}") = "11-InterfacesDemo", "11-InterfacesDemo\11-InterfacesDemo.csproj", "{75BA8DEB-2E1C-438D-8CEE-D24AEB1DB1CD}"
EndProject
Project("{9A19103F-16F7-4668-BE54-9A1E7A4F7556}") = "12-Inheritance", "12-Inheritance\12-Inheritance.csproj", "{94BB1A33-8776-49F8-84CB-2D19A1858964}"
EndProject
Project("{9A19103F-16F7-4668-BE54-9A1E7A4F7556}") = "13-VirtualMethods", "13-VirtualMethods\13-VirtualMethods.csproj", "{09F27DE8-8417-4240-9768-98978D9933BA}"
EndProject
Project("{9A19103F-16F7-4668-BE54-9A1E7A4F7556}") = "14-AbstractClasses", "14-AbstractClasses\14-AbstractClasses.csproj", "{A92415CA-3479-44BF-BE4E-6FB9F1C93D2F}"
EndProject
Project("{9A19103F-16F7-4668-BE54-9A1E7A4F7556}") = "RecapDemo2", "RecapDemo2\RecapDemo2.csproj", "{082973CA-CF7B-44E7-85BB-6CD71E79E303}"
EndProject
Project("{9A19103F-16F7-4668-BE54-9A1E7A4F7556}") = "15-AccessModifiers", "15-AccessModifiers\15-AccessModifiers.csproj", "{576E3294-E8CD-4CE4-B219-F393B8043B24}"
EndProject
Project("{9A19103F-16F7-4668-BE54-9A1E7A4F7556}") = "16-Constructors", "16-Constructor\16-Constructors.csproj", "{F8EC1EA7-0D93-43E4-9DFC-E2A521ED0E33}"
EndProject
Project("{9A19103F-16F7-4668-BE54-9A1E7A4F7556}") = "17-ReferanceAndValueTypes", "17-ReferanceAndValueTypes\17-ReferanceAndValueTypes.csproj", "{E89BA4BE-F9BD-4B16-A41E-307C0387A7C4}"
EndProject
Project("{9A19103F-16F7-4668-BE54-9A1E7A4F7556}") = "18-Collections", "18-Collections\18-Collections.csproj", "{EBF58E2A-9AFE-4C2D-8B82-65EE1681FDA6}"
EndProject
Project("{FAE04EC0-301F-11D3-BF4B-00C04F79EFBC}") = "19-Exception", "19-Exception\19-Exception.csproj", "{97FCD7B9-91ED-40D5-98E5-52697A250CA3}"
EndProject
Project("{FAE04EC0-301F-11D3-BF4B-00C04F79EFBC}") = "20-AdoNetDemo", "20-AdoNetDemo\20-AdoNetDemo.csproj", "{9CFF5931-44DA-4FEC-9ED3-928137073954}"
EndProject
Project("{FAE04EC0-301F-11D3-BF4B-00C04F79EFBC}") = "21-EntityFrameworkDemo", "21-EntityFrameworkDemo\21-EntityFrameworkDemo.csproj", "{14CB9C82-BB77-4A5B-B016-440300E871AE}"
EndProject
Project("{9A19103F-16F7-4668-BE54-9A1E7A4F7556}") = "22-Generics", "22-Generics\22-Generics.csproj", "{7C4B4209-0EA0-4EDD-AE6C-EE269E00270A}"
EndProject
Project("{9A19103F-16F7-4668-BE54-9A1E7A4F7556}") = "23-Attributes", "23-Attributes\23-Attributes.csproj", "{A97C0987-4BF2-411B-9E59-DD406AB84D61}"
EndProject
Project("{FAE04EC0-301F-11D3-BF4B-00C04F79EFBC}") = "24-Reflections", "24-Reflections\24-Reflections.csproj", "{0F95E707-AC5A-4558-B076-06C9AAAC314B}"
EndProject
Global
	GlobalSection(SolutionConfigurationPlatforms) = preSolution
		Debug|Any CPU = Debug|Any CPU
		Release|Any CPU = Release|Any CPU
	EndGlobalSection
	GlobalSection(ProjectConfigurationPlatforms) = postSolution
		{0F6949A3-254C-46A7-BE5B-2071D17EE6B7}.Debug|Any CPU.ActiveCfg = Debug|Any CPU
		{0F6949A3-254C-46A7-BE5B-2071D17EE6B7}.Debug|Any CPU.Build.0 = Debug|Any CPU
		{0F6949A3-254C-46A7-BE5B-2071D17EE6B7}.Release|Any CPU.ActiveCfg = Release|Any CPU
		{0F6949A3-254C-46A7-BE5B-2071D17EE6B7}.Release|Any CPU.Build.0 = Release|Any CPU
		{5FDA2ED1-E5B7-46AF-8320-6389050E3725}.Debug|Any CPU.ActiveCfg = Debug|Any CPU
		{5FDA2ED1-E5B7-46AF-8320-6389050E3725}.Debug|Any CPU.Build.0 = Debug|Any CPU
		{5FDA2ED1-E5B7-46AF-8320-6389050E3725}.Release|Any CPU.ActiveCfg = Release|Any CPU
		{5FDA2ED1-E5B7-46AF-8320-6389050E3725}.Release|Any CPU.Build.0 = Release|Any CPU
		{40976ACA-C830-4179-A151-5C20FC4702AA}.Debug|Any CPU.ActiveCfg = Debug|Any CPU
		{40976ACA-C830-4179-A151-5C20FC4702AA}.Debug|Any CPU.Build.0 = Debug|Any CPU
		{40976ACA-C830-4179-A151-5C20FC4702AA}.Release|Any CPU.ActiveCfg = Release|Any CPU
		{40976ACA-C830-4179-A151-5C20FC4702AA}.Release|Any CPU.Build.0 = Release|Any CPU
		{62825282-C049-4C06-A053-56C7510E4857}.Debug|Any CPU.ActiveCfg = Debug|Any CPU
		{62825282-C049-4C06-A053-56C7510E4857}.Debug|Any CPU.Build.0 = Debug|Any CPU
		{62825282-C049-4C06-A053-56C7510E4857}.Release|Any CPU.ActiveCfg = Release|Any CPU
		{62825282-C049-4C06-A053-56C7510E4857}.Release|Any CPU.Build.0 = Release|Any CPU
		{B2B49D95-FA16-4FCC-AC2D-0B75FF43CED5}.Debug|Any CPU.ActiveCfg = Debug|Any CPU
		{B2B49D95-FA16-4FCC-AC2D-0B75FF43CED5}.Debug|Any CPU.Build.0 = Debug|Any CPU
		{B2B49D95-FA16-4FCC-AC2D-0B75FF43CED5}.Release|Any CPU.ActiveCfg = Release|Any CPU
		{B2B49D95-FA16-4FCC-AC2D-0B75FF43CED5}.Release|Any CPU.Build.0 = Release|Any CPU
		{72D7AC3D-9616-4CAA-BECD-0993FDF849D1}.Debug|Any CPU.ActiveCfg = Debug|Any CPU
		{72D7AC3D-9616-4CAA-BECD-0993FDF849D1}.Debug|Any CPU.Build.0 = Debug|Any CPU
		{72D7AC3D-9616-4CAA-BECD-0993FDF849D1}.Release|Any CPU.ActiveCfg = Release|Any CPU
		{72D7AC3D-9616-4CAA-BECD-0993FDF849D1}.Release|Any CPU.Build.0 = Release|Any CPU
		{E7C87F01-C471-4102-B252-89376EFFB587}.Debug|Any CPU.ActiveCfg = Debug|Any CPU
		{E7C87F01-C471-4102-B252-89376EFFB587}.Debug|Any CPU.Build.0 = Debug|Any CPU
		{E7C87F01-C471-4102-B252-89376EFFB587}.Release|Any CPU.ActiveCfg = Release|Any CPU
		{E7C87F01-C471-4102-B252-89376EFFB587}.Release|Any CPU.Build.0 = Release|Any CPU
		{D98FD1C9-EFA7-457D-81DA-D76075AC1DCC}.Debug|Any CPU.ActiveCfg = Debug|Any CPU
		{D98FD1C9-EFA7-457D-81DA-D76075AC1DCC}.Debug|Any CPU.Build.0 = Debug|Any CPU
		{D98FD1C9-EFA7-457D-81DA-D76075AC1DCC}.Release|Any CPU.ActiveCfg = Release|Any CPU
		{D98FD1C9-EFA7-457D-81DA-D76075AC1DCC}.Release|Any CPU.Build.0 = Release|Any CPU
		{EE68D1E9-7C27-4AC9-AA28-7593EC8A97ED}.Debug|Any CPU.ActiveCfg = Debug|Any CPU
		{EE68D1E9-7C27-4AC9-AA28-7593EC8A97ED}.Debug|Any CPU.Build.0 = Debug|Any CPU
		{EE68D1E9-7C27-4AC9-AA28-7593EC8A97ED}.Release|Any CPU.ActiveCfg = Release|Any CPU
		{EE68D1E9-7C27-4AC9-AA28-7593EC8A97ED}.Release|Any CPU.Build.0 = Release|Any CPU
		{6481DD20-7778-48DB-8FA8-3C8C9CC3C1B7}.Debug|Any CPU.ActiveCfg = Debug|Any CPU
		{6481DD20-7778-48DB-8FA8-3C8C9CC3C1B7}.Debug|Any CPU.Build.0 = Debug|Any CPU
		{6481DD20-7778-48DB-8FA8-3C8C9CC3C1B7}.Release|Any CPU.ActiveCfg = Release|Any CPU
		{6481DD20-7778-48DB-8FA8-3C8C9CC3C1B7}.Release|Any CPU.Build.0 = Release|Any CPU
		{DFB715ED-C72A-4DA4-B4ED-C4BACAE8E414}.Debug|Any CPU.ActiveCfg = Debug|Any CPU
		{DFB715ED-C72A-4DA4-B4ED-C4BACAE8E414}.Debug|Any CPU.Build.0 = Debug|Any CPU
		{DFB715ED-C72A-4DA4-B4ED-C4BACAE8E414}.Release|Any CPU.ActiveCfg = Release|Any CPU
		{DFB715ED-C72A-4DA4-B4ED-C4BACAE8E414}.Release|Any CPU.Build.0 = Release|Any CPU
		{75BA8DEB-2E1C-438D-8CEE-D24AEB1DB1CD}.Debug|Any CPU.ActiveCfg = Debug|Any CPU
		{75BA8DEB-2E1C-438D-8CEE-D24AEB1DB1CD}.Debug|Any CPU.Build.0 = Debug|Any CPU
		{75BA8DEB-2E1C-438D-8CEE-D24AEB1DB1CD}.Release|Any CPU.ActiveCfg = Release|Any CPU
		{75BA8DEB-2E1C-438D-8CEE-D24AEB1DB1CD}.Release|Any CPU.Build.0 = Release|Any CPU
		{94BB1A33-8776-49F8-84CB-2D19A1858964}.Debug|Any CPU.ActiveCfg = Debug|Any CPU
		{94BB1A33-8776-49F8-84CB-2D19A1858964}.Debug|Any CPU.Build.0 = Debug|Any CPU
		{94BB1A33-8776-49F8-84CB-2D19A1858964}.Release|Any CPU.ActiveCfg = Release|Any CPU
		{94BB1A33-8776-49F8-84CB-2D19A1858964}.Release|Any CPU.Build.0 = Release|Any CPU
		{09F27DE8-8417-4240-9768-98978D9933BA}.Debug|Any CPU.ActiveCfg = Debug|Any CPU
		{09F27DE8-8417-4240-9768-98978D9933BA}.Debug|Any CPU.Build.0 = Debug|Any CPU
		{09F27DE8-8417-4240-9768-98978D9933BA}.Release|Any CPU.ActiveCfg = Release|Any CPU
		{09F27DE8-8417-4240-9768-98978D9933BA}.Release|Any CPU.Build.0 = Release|Any CPU
		{A92415CA-3479-44BF-BE4E-6FB9F1C93D2F}.Debug|Any CPU.ActiveCfg = Debug|Any CPU
		{A92415CA-3479-44BF-BE4E-6FB9F1C93D2F}.Debug|Any CPU.Build.0 = Debug|Any CPU
		{A92415CA-3479-44BF-BE4E-6FB9F1C93D2F}.Release|Any CPU.ActiveCfg = Release|Any CPU
		{A92415CA-3479-44BF-BE4E-6FB9F1C93D2F}.Release|Any CPU.Build.0 = Release|Any CPU
		{082973CA-CF7B-44E7-85BB-6CD71E79E303}.Debug|Any CPU.ActiveCfg = Debug|Any CPU
		{082973CA-CF7B-44E7-85BB-6CD71E79E303}.Debug|Any CPU.Build.0 = Debug|Any CPU
		{082973CA-CF7B-44E7-85BB-6CD71E79E303}.Release|Any CPU.ActiveCfg = Release|Any CPU
		{082973CA-CF7B-44E7-85BB-6CD71E79E303}.Release|Any CPU.Build.0 = Release|Any CPU
		{576E3294-E8CD-4CE4-B219-F393B8043B24}.Debug|Any CPU.ActiveCfg = Debug|Any CPU
		{576E3294-E8CD-4CE4-B219-F393B8043B24}.Debug|Any CPU.Build.0 = Debug|Any CPU
		{576E3294-E8CD-4CE4-B219-F393B8043B24}.Release|Any CPU.ActiveCfg = Release|Any CPU
		{576E3294-E8CD-4CE4-B219-F393B8043B24}.Release|Any CPU.Build.0 = Release|Any CPU
		{F8EC1EA7-0D93-43E4-9DFC-E2A521ED0E33}.Debug|Any CPU.ActiveCfg = Debug|Any CPU
		{F8EC1EA7-0D93-43E4-9DFC-E2A521ED0E33}.Debug|Any CPU.Build.0 = Debug|Any CPU
		{F8EC1EA7-0D93-43E4-9DFC-E2A521ED0E33}.Release|Any CPU.ActiveCfg = Release|Any CPU
		{F8EC1EA7-0D93-43E4-9DFC-E2A521ED0E33}.Release|Any CPU.Build.0 = Release|Any CPU
		{E89BA4BE-F9BD-4B16-A41E-307C0387A7C4}.Debug|Any CPU.ActiveCfg = Debug|Any CPU
		{E89BA4BE-F9BD-4B16-A41E-307C0387A7C4}.Debug|Any CPU.Build.0 = Debug|Any CPU
		{E89BA4BE-F9BD-4B16-A41E-307C0387A7C4}.Release|Any CPU.ActiveCfg = Release|Any CPU
		{E89BA4BE-F9BD-4B16-A41E-307C0387A7C4}.Release|Any CPU.Build.0 = Release|Any CPU
		{EBF58E2A-9AFE-4C2D-8B82-65EE1681FDA6}.Debug|Any CPU.ActiveCfg = Debug|Any CPU
		{EBF58E2A-9AFE-4C2D-8B82-65EE1681FDA6}.Debug|Any CPU.Build.0 = Debug|Any CPU
		{EBF58E2A-9AFE-4C2D-8B82-65EE1681FDA6}.Release|Any CPU.ActiveCfg = Release|Any CPU
		{EBF58E2A-9AFE-4C2D-8B82-65EE1681FDA6}.Release|Any CPU.Build.0 = Release|Any CPU
		{97FCD7B9-91ED-40D5-98E5-52697A250CA3}.Debug|Any CPU.ActiveCfg = Debug|Any CPU
		{97FCD7B9-91ED-40D5-98E5-52697A250CA3}.Debug|Any CPU.Build.0 = Debug|Any CPU
		{97FCD7B9-91ED-40D5-98E5-52697A250CA3}.Release|Any CPU.ActiveCfg = Release|Any CPU
		{97FCD7B9-91ED-40D5-98E5-52697A250CA3}.Release|Any CPU.Build.0 = Release|Any CPU
		{9CFF5931-44DA-4FEC-9ED3-928137073954}.Debug|Any CPU.ActiveCfg = Debug|Any CPU
		{9CFF5931-44DA-4FEC-9ED3-928137073954}.Debug|Any CPU.Build.0 = Debug|Any CPU
		{9CFF5931-44DA-4FEC-9ED3-928137073954}.Release|Any CPU.ActiveCfg = Release|Any CPU
		{9CFF5931-44DA-4FEC-9ED3-928137073954}.Release|Any CPU.Build.0 = Release|Any CPU
		{14CB9C82-BB77-4A5B-B016-440300E871AE}.Debug|Any CPU.ActiveCfg = Debug|Any CPU
		{14CB9C82-BB77-4A5B-B016-440300E871AE}.Debug|Any CPU.Build.0 = Debug|Any CPU
		{14CB9C82-BB77-4A5B-B016-440300E871AE}.Release|Any CPU.ActiveCfg = Release|Any CPU
		{14CB9C82-BB77-4A5B-B016-440300E871AE}.Release|Any CPU.Build.0 = Release|Any CPU
		{7C4B4209-0EA0-4EDD-AE6C-EE269E00270A}.Debug|Any CPU.ActiveCfg = Debug|Any CPU
		{7C4B4209-0EA0-4EDD-AE6C-EE269E00270A}.Debug|Any CPU.Build.0 = Debug|Any CPU
		{7C4B4209-0EA0-4EDD-AE6C-EE269E00270A}.Release|Any CPU.ActiveCfg = Release|Any CPU
		{7C4B4209-0EA0-4EDD-AE6C-EE269E00270A}.Release|Any CPU.Build.0 = Release|Any CPU
		{A97C0987-4BF2-411B-9E59-DD406AB84D61}.Debug|Any CPU.ActiveCfg = Debug|Any CPU
		{A97C0987-4BF2-411B-9E59-DD406AB84D61}.Debug|Any CPU.Build.0 = Debug|Any CPU
		{A97C0987-4BF2-411B-9E59-DD406AB84D61}.Release|Any CPU.ActiveCfg = Release|Any CPU
		{A97C0987-4BF2-411B-9E59-DD406AB84D61}.Release|Any CPU.Build.0 = Release|Any CPU
		{0F95E707-AC5A-4558-B076-06C9AAAC314B}.Debug|Any CPU.ActiveCfg = Debug|Any CPU
		{0F95E707-AC5A-4558-B076-06C9AAAC314B}.Debug|Any CPU.Build.0 = Debug|Any CPU
		{0F95E707-AC5A-4558-B076-06C9AAAC314B}.Release|Any CPU.ActiveCfg = Release|Any CPU
		{0F95E707-AC5A-4558-B076-06C9AAAC314B}.Release|Any CPU.Build.0 = Release|Any CPU
	EndGlobalSection
	GlobalSection(SolutionProperties) = preSolution
		HideSolutionNode = FALSE
	EndGlobalSection
	GlobalSection(ExtensibilityGlobals) = postSolution
		SolutionGuid = {AADFB173-1D0A-427F-9895-7BF95DF79CAB}
	EndGlobalSection
EndGlobal
